
Microsoft Visual Studio Solution File, Format Version 12.00
# Visual Studio 2013
VisualStudioVersion = 12.0.30723.0
MinimumVisualStudioVersion = 10.0.40219.1
Project("{2150E333-8FDC-42A3-9474-1A3956D46DE8}") = "6.Communications", "6.Communications", "{606185DC-4C46-4B08-83A5-E02DD37D02AE}"
EndProject
Project("{2150E333-8FDC-42A3-9474-1A3956D46DE8}") = "2.DomainModel", "2.DomainModel", "{2285F44E-EEC0-4658-A259-960E8EA08DCE}"
EndProject
Project("{2150E333-8FDC-42A3-9474-1A3956D46DE8}") = "4.Repository", "4.Repository", "{D1EC691C-E821-4F14-915E-5946EDC5C6D9}"
EndProject
Project("{2150E333-8FDC-42A3-9474-1A3956D46DE8}") = "1.Infrastructure", "1.Infrastructure", "{FE677FC7-BA46-4D4F-B8AA-B8CA89A6CC16}"
EndProject
Project("{2150E333-8FDC-42A3-9474-1A3956D46DE8}") = "3.Services", "3.Services", "{DE57E78B-DAF7-4C0D-A62E-38C3A22E52F1}"
EndProject
Project("{2150E333-8FDC-42A3-9474-1A3956D46DE8}") = "5.Contracts", "5.Contracts", "{4C925712-EECB-4052-B912-295A57DF2CC2}"
EndProject
Project("{FAE04EC0-301F-11D3-BF4B-00C04F79EFBC}") = "SecondFloor.Infrastructure", "SecondFloor.Infrastructure\SecondFloor.Infrastructure.csproj", "{0B674E26-7392-4E08-B9F0-04078ECDE0BC}"
EndProject
Project("{FAE04EC0-301F-11D3-BF4B-00C04F79EFBC}") = "SecondFloor.Model", "SecondFloor.Model\SecondFloor.Model.csproj", "{640A4CC8-F3CD-45C6-BC4B-37C2E22EB2F4}"
EndProject
Project("{FAE04EC0-301F-11D3-BF4B-00C04F79EFBC}") = "SecondFloor.Service", "SecondFloor.Service\SecondFloor.Service.csproj", "{E1A48511-FA19-4DA4-8826-AF46DD369BB2}"
EndProject
Project("{FAE04EC0-301F-11D3-BF4B-00C04F79EFBC}") = "SecondFloor.Service.IntegratedTest", "SecondFloor.Service.IntegratedTest\SecondFloor.Service.IntegratedTest.csproj", "{E9387291-BA58-4292-907B-DD2520140E5F}"
EndProject
Project("{FAE04EC0-301F-11D3-BF4B-00C04F79EFBC}") = "SecondFloor.Service.UnitTest", "SecondFloor.Service.UnitTest\SecondFloor.Service.UnitTest.csproj", "{51B02C96-3B76-4928-AFAF-A649ECD9FD2E}"
EndProject
Project("{FAE04EC0-301F-11D3-BF4B-00C04F79EFBC}") = "SecondFloor.ServiceContracts", "SecondFloor.ServiceContracts\SecondFloor.ServiceContracts.csproj", "{7531DD5D-F281-49BD-A72E-C9B810968A0A}"
EndProject
Project("{FAE04EC0-301F-11D3-BF4B-00C04F79EFBC}") = "SecondFloor.DataContracts", "SecondFloor.DataContracts\SecondFloor.DataContracts.csproj", "{005BD132-A35B-4F72-9840-0228FCEFAFF5}"
EndProject
Project("{FAE04EC0-301F-11D3-BF4B-00C04F79EFBC}") = "SecondFloor.Wcf", "SecondFloor.Wcf\SecondFloor.Wcf.csproj", "{8C3AEA18-E5AB-4C4C-8580-00FF81D39B76}"
EndProject
Project("{FAE04EC0-301F-11D3-BF4B-00C04F79EFBC}") = "SecondFloor.RepositoryEF", "SecondFloor.RepositoryEF\SecondFloor.RepositoryEF.csproj", "{6B967736-3832-4815-ADAA-11CCC62366D8}"
EndProject
Project("{FAE04EC0-301F-11D3-BF4B-00C04F79EFBC}") = "SecondFloor.RepositoryEF.UnitTest", "SecondFloor.RepositoryEF.UnitTest\SecondFloor.RepositoryEF.UnitTest.csproj", "{9754EBB3-80DB-4C84-BBA1-7867AF07E03C}"
EndProject
Project("{FAE04EC0-301F-11D3-BF4B-00C04F79EFBC}") = "SecondFloor.RepositoryEF.IntegratedTest", "SecondFloor.RepositoryEF.IntegratedTest\SecondFloor.RepositoryEF.IntegratedTest.csproj", "{6E025549-48FE-4438-8CE0-7ACF04EF6C39}"
EndProject
Project("{FAE04EC0-301F-11D3-BF4B-00C04F79EFBC}") = "SecondFloor.Model.UnitTest", "SecondFloor.Model.UnitTest\SecondFloor.Model.UnitTest.csproj", "{9B77F134-64B3-43CB-8B88-DA3D89A1D381}"
EndProject
Project("{2150E333-8FDC-42A3-9474-1A3956D46DE8}") = ".nuget", ".nuget", "{D464EC64-8970-4E43-895F-E774FB3F0692}"
	ProjectSection(SolutionItems) = preProject
		.nuget\NuGet.Config = .nuget\NuGet.Config
		.nuget\NuGet.exe = .nuget\NuGet.exe
		.nuget\NuGet.targets = .nuget\NuGet.targets
	EndProjectSection
EndProject
Project("{FAE04EC0-301F-11D3-BF4B-00C04F79EFBC}") = "SecondFloor.Infrastructure.UnitTest", "SecondFloor.Infrastructure.UnitTest\SecondFloor.Infrastructure.UnitTest.csproj", "{281D990E-E67D-4F62-A4FD-26474A85FC52}"
EndProject
Project("{FAE04EC0-301F-11D3-BF4B-00C04F79EFBC}") = "SecondFloor.Wcf.SelfHost", "SecondFloor.Wcf.SelfHost\SecondFloor.Wcf.SelfHost.csproj", "{B491D2FF-9285-4EA6-A585-69B6BA301812}"
EndProject
Project("{FAE04EC0-301F-11D3-BF4B-00C04F79EFBC}") = "SecondFloor.RepositoryNH", "SecondFloor.RepositoryNH\SecondFloor.RepositoryNH.csproj", "{C51D24C9-8C00-431D-8C38-E4C6D859EBA7}"
EndProject
Project("{FAE04EC0-301F-11D3-BF4B-00C04F79EFBC}") = "SecondFloor.RepositoryNH.IntegratedTest", "SecondFloor.RepositoryNH.IntegratedTest\SecondFloor.RepositoryNH.IntegratedTest.csproj", "{31E1BD23-FF19-490F-A3AE-1FD903C44D30}"
EndProject
Project("{2150E333-8FDC-42A3-9474-1A3956D46DE8}") = "7.Presentation", "7.Presentation", "{CB02A519-C9A9-466D-92C2-CE83B136B877}"
EndProject
Project("{FAE04EC0-301F-11D3-BF4B-00C04F79EFBC}") = "SecondFloor.WebUIMVC", "SecondFloor.WebUIMVC\SecondFloor.WebUIMVC.csproj", "{74998018-6E42-4FAD-B081-8B809299A66F}"
EndProject
Project("{FAE04EC0-301F-11D3-BF4B-00C04F79EFBC}") = "SecondFloor.Web.Mvc", "SecondFloor.Web.Mvc\SecondFloor.Web.Mvc.csproj", "{FBBA2429-5A4F-4CFE-BD1C-04205C36864C}"
EndProject
Project("{2150E333-8FDC-42A3-9474-1A3956D46DE8}") = "0.Lixo", "0.Lixo", "{73D10973-03FB-47AC-B003-AEAE6B6044D1}"
EndProject
Global
	GlobalSection(SolutionConfigurationPlatforms) = preSolution
		Debug|Any CPU = Debug|Any CPU
		Release|Any CPU = Release|Any CPU
	EndGlobalSection
	GlobalSection(ProjectConfigurationPlatforms) = postSolution
		{0B674E26-7392-4E08-B9F0-04078ECDE0BC}.Debug|Any CPU.ActiveCfg = Debug|Any CPU
		{0B674E26-7392-4E08-B9F0-04078ECDE0BC}.Debug|Any CPU.Build.0 = Debug|Any CPU
		{0B674E26-7392-4E08-B9F0-04078ECDE0BC}.Release|Any CPU.ActiveCfg = Release|Any CPU
		{0B674E26-7392-4E08-B9F0-04078ECDE0BC}.Release|Any CPU.Build.0 = Release|Any CPU
		{640A4CC8-F3CD-45C6-BC4B-37C2E22EB2F4}.Debug|Any CPU.ActiveCfg = Debug|Any CPU
		{640A4CC8-F3CD-45C6-BC4B-37C2E22EB2F4}.Debug|Any CPU.Build.0 = Debug|Any CPU
		{640A4CC8-F3CD-45C6-BC4B-37C2E22EB2F4}.Release|Any CPU.ActiveCfg = Release|Any CPU
		{640A4CC8-F3CD-45C6-BC4B-37C2E22EB2F4}.Release|Any CPU.Build.0 = Release|Any CPU
		{E1A48511-FA19-4DA4-8826-AF46DD369BB2}.Debug|Any CPU.ActiveCfg = Debug|Any CPU
		{E1A48511-FA19-4DA4-8826-AF46DD369BB2}.Debug|Any CPU.Build.0 = Debug|Any CPU
		{E1A48511-FA19-4DA4-8826-AF46DD369BB2}.Release|Any CPU.ActiveCfg = Release|Any CPU
		{E1A48511-FA19-4DA4-8826-AF46DD369BB2}.Release|Any CPU.Build.0 = Release|Any CPU
		{E9387291-BA58-4292-907B-DD2520140E5F}.Debug|Any CPU.ActiveCfg = Debug|Any CPU
		{E9387291-BA58-4292-907B-DD2520140E5F}.Debug|Any CPU.Build.0 = Debug|Any CPU
		{E9387291-BA58-4292-907B-DD2520140E5F}.Release|Any CPU.ActiveCfg = Release|Any CPU
		{E9387291-BA58-4292-907B-DD2520140E5F}.Release|Any CPU.Build.0 = Release|Any CPU
		{51B02C96-3B76-4928-AFAF-A649ECD9FD2E}.Debug|Any CPU.ActiveCfg = Debug|Any CPU
		{51B02C96-3B76-4928-AFAF-A649ECD9FD2E}.Debug|Any CPU.Build.0 = Debug|Any CPU
		{51B02C96-3B76-4928-AFAF-A649ECD9FD2E}.Release|Any CPU.ActiveCfg = Release|Any CPU
		{51B02C96-3B76-4928-AFAF-A649ECD9FD2E}.Release|Any CPU.Build.0 = Release|Any CPU
		{7531DD5D-F281-49BD-A72E-C9B810968A0A}.Debug|Any CPU.ActiveCfg = Debug|Any CPU
		{7531DD5D-F281-49BD-A72E-C9B810968A0A}.Debug|Any CPU.Build.0 = Debug|Any CPU
		{7531DD5D-F281-49BD-A72E-C9B810968A0A}.Release|Any CPU.ActiveCfg = Release|Any CPU
		{7531DD5D-F281-49BD-A72E-C9B810968A0A}.Release|Any CPU.Build.0 = Release|Any CPU
		{005BD132-A35B-4F72-9840-0228FCEFAFF5}.Debug|Any CPU.ActiveCfg = Debug|Any CPU
		{005BD132-A35B-4F72-9840-0228FCEFAFF5}.Debug|Any CPU.Build.0 = Debug|Any CPU
		{005BD132-A35B-4F72-9840-0228FCEFAFF5}.Release|Any CPU.ActiveCfg = Release|Any CPU
		{005BD132-A35B-4F72-9840-0228FCEFAFF5}.Release|Any CPU.Build.0 = Release|Any CPU
		{8C3AEA18-E5AB-4C4C-8580-00FF81D39B76}.Debug|Any CPU.ActiveCfg = Debug|Any CPU
		{8C3AEA18-E5AB-4C4C-8580-00FF81D39B76}.Debug|Any CPU.Build.0 = Debug|Any CPU
		{8C3AEA18-E5AB-4C4C-8580-00FF81D39B76}.Release|Any CPU.ActiveCfg = Release|Any CPU
		{8C3AEA18-E5AB-4C4C-8580-00FF81D39B76}.Release|Any CPU.Build.0 = Release|Any CPU
		{6B967736-3832-4815-ADAA-11CCC62366D8}.Debug|Any CPU.ActiveCfg = Debug|Any CPU
		{6B967736-3832-4815-ADAA-11CCC62366D8}.Debug|Any CPU.Build.0 = Debug|Any CPU
		{6B967736-3832-4815-ADAA-11CCC62366D8}.Release|Any CPU.ActiveCfg = Release|Any CPU
		{6B967736-3832-4815-ADAA-11CCC62366D8}.Release|Any CPU.Build.0 = Release|Any CPU
		{9754EBB3-80DB-4C84-BBA1-7867AF07E03C}.Debug|Any CPU.ActiveCfg = Debug|Any CPU
		{9754EBB3-80DB-4C84-BBA1-7867AF07E03C}.Debug|Any CPU.Build.0 = Debug|Any CPU
		{9754EBB3-80DB-4C84-BBA1-7867AF07E03C}.Release|Any CPU.ActiveCfg = Release|Any CPU
		{9754EBB3-80DB-4C84-BBA1-7867AF07E03C}.Release|Any CPU.Build.0 = Release|Any CPU
		{6E025549-48FE-4438-8CE0-7ACF04EF6C39}.Debug|Any CPU.ActiveCfg = Debug|Any CPU
		{6E025549-48FE-4438-8CE0-7ACF04EF6C39}.Debug|Any CPU.Build.0 = Debug|Any CPU
		{6E025549-48FE-4438-8CE0-7ACF04EF6C39}.Release|Any CPU.ActiveCfg = Release|Any CPU
		{6E025549-48FE-4438-8CE0-7ACF04EF6C39}.Release|Any CPU.Build.0 = Release|Any CPU
		{9B77F134-64B3-43CB-8B88-DA3D89A1D381}.Debug|Any CPU.ActiveCfg = Debug|Any CPU
		{9B77F134-64B3-43CB-8B88-DA3D89A1D381}.Debug|Any CPU.Build.0 = Debug|Any CPU
		{9B77F134-64B3-43CB-8B88-DA3D89A1D381}.Release|Any CPU.ActiveCfg = Release|Any CPU
		{9B77F134-64B3-43CB-8B88-DA3D89A1D381}.Release|Any CPU.Build.0 = Release|Any CPU
		{281D990E-E67D-4F62-A4FD-26474A85FC52}.Debug|Any CPU.ActiveCfg = Debug|Any CPU
		{281D990E-E67D-4F62-A4FD-26474A85FC52}.Debug|Any CPU.Build.0 = Debug|Any CPU
		{281D990E-E67D-4F62-A4FD-26474A85FC52}.Release|Any CPU.ActiveCfg = Release|Any CPU
		{281D990E-E67D-4F62-A4FD-26474A85FC52}.Release|Any CPU.Build.0 = Release|Any CPU
		{B491D2FF-9285-4EA6-A585-69B6BA301812}.Debug|Any CPU.ActiveCfg = Debug|Any CPU
		{B491D2FF-9285-4EA6-A585-69B6BA301812}.Debug|Any CPU.Build.0 = Debug|Any CPU
		{B491D2FF-9285-4EA6-A585-69B6BA301812}.Release|Any CPU.ActiveCfg = Release|Any CPU
		{B491D2FF-9285-4EA6-A585-69B6BA301812}.Release|Any CPU.Build.0 = Release|Any CPU
		{C51D24C9-8C00-431D-8C38-E4C6D859EBA7}.Debug|Any CPU.ActiveCfg = Debug|Any CPU
		{C51D24C9-8C00-431D-8C38-E4C6D859EBA7}.Debug|Any CPU.Build.0 = Debug|Any CPU
		{C51D24C9-8C00-431D-8C38-E4C6D859EBA7}.Release|Any CPU.ActiveCfg = Release|Any CPU
		{C51D24C9-8C00-431D-8C38-E4C6D859EBA7}.Release|Any CPU.Build.0 = Release|Any CPU
		{31E1BD23-FF19-490F-A3AE-1FD903C44D30}.Debug|Any CPU.ActiveCfg = Debug|Any CPU
		{31E1BD23-FF19-490F-A3AE-1FD903C44D30}.Debug|Any CPU.Build.0 = Debug|Any CPU
		{31E1BD23-FF19-490F-A3AE-1FD903C44D30}.Release|Any CPU.ActiveCfg = Release|Any CPU
		{31E1BD23-FF19-490F-A3AE-1FD903C44D30}.Release|Any CPU.Build.0 = Release|Any CPU
		{74998018-6E42-4FAD-B081-8B809299A66F}.Debug|Any CPU.ActiveCfg = Debug|Any CPU
		{74998018-6E42-4FAD-B081-8B809299A66F}.Debug|Any CPU.Build.0 = Debug|Any CPU
		{74998018-6E42-4FAD-B081-8B809299A66F}.Release|Any CPU.ActiveCfg = Release|Any CPU
		{74998018-6E42-4FAD-B081-8B809299A66F}.Release|Any CPU.Build.0 = Release|Any CPU
		{FBBA2429-5A4F-4CFE-BD1C-04205C36864C}.Debug|Any CPU.ActiveCfg = Debug|Any CPU
		{FBBA2429-5A4F-4CFE-BD1C-04205C36864C}.Debug|Any CPU.Build.0 = Debug|Any CPU
		{FBBA2429-5A4F-4CFE-BD1C-04205C36864C}.Release|Any CPU.ActiveCfg = Release|Any CPU
		{FBBA2429-5A4F-4CFE-BD1C-04205C36864C}.Release|Any CPU.Build.0 = Release|Any CPU
	EndGlobalSection
	GlobalSection(SolutionProperties) = preSolution
		HideSolutionNode = FALSE
	EndGlobalSection
	GlobalSection(NestedProjects) = preSolution
		{0B674E26-7392-4E08-B9F0-04078ECDE0BC} = {FE677FC7-BA46-4D4F-B8AA-B8CA89A6CC16}
		{640A4CC8-F3CD-45C6-BC4B-37C2E22EB2F4} = {2285F44E-EEC0-4658-A259-960E8EA08DCE}
		{E1A48511-FA19-4DA4-8826-AF46DD369BB2} = {DE57E78B-DAF7-4C0D-A62E-38C3A22E52F1}
		{E9387291-BA58-4292-907B-DD2520140E5F} = {DE57E78B-DAF7-4C0D-A62E-38C3A22E52F1}
		{51B02C96-3B76-4928-AFAF-A649ECD9FD2E} = {DE57E78B-DAF7-4C0D-A62E-38C3A22E52F1}
		{7531DD5D-F281-49BD-A72E-C9B810968A0A} = {4C925712-EECB-4052-B912-295A57DF2CC2}
		{005BD132-A35B-4F72-9840-0228FCEFAFF5} = {4C925712-EECB-4052-B912-295A57DF2CC2}
		{8C3AEA18-E5AB-4C4C-8580-00FF81D39B76} = {606185DC-4C46-4B08-83A5-E02DD37D02AE}
		{6B967736-3832-4815-ADAA-11CCC62366D8} = {D1EC691C-E821-4F14-915E-5946EDC5C6D9}
		{9754EBB3-80DB-4C84-BBA1-7867AF07E03C} = {D1EC691C-E821-4F14-915E-5946EDC5C6D9}
		{6E025549-48FE-4438-8CE0-7ACF04EF6C39} = {D1EC691C-E821-4F14-915E-5946EDC5C6D9}
		{9B77F134-64B3-43CB-8B88-DA3D89A1D381} = {2285F44E-EEC0-4658-A259-960E8EA08DCE}
		{281D990E-E67D-4F62-A4FD-26474A85FC52} = {FE677FC7-BA46-4D4F-B8AA-B8CA89A6CC16}
		{B491D2FF-9285-4EA6-A585-69B6BA301812} = {606185DC-4C46-4B08-83A5-E02DD37D02AE}
		{C51D24C9-8C00-431D-8C38-E4C6D859EBA7} = {D1EC691C-E821-4F14-915E-5946EDC5C6D9}
		{31E1BD23-FF19-490F-A3AE-1FD903C44D30} = {D1EC691C-E821-4F14-915E-5946EDC5C6D9}
		{74998018-6E42-4FAD-B081-8B809299A66F} = {73D10973-03FB-47AC-B003-AEAE6B6044D1}
		{FBBA2429-5A4F-4CFE-BD1C-04205C36864C} = {CB02A519-C9A9-466D-92C2-CE83B136B877}
	EndGlobalSection
	GlobalSection(ExtensibilityGlobals) = postSolution
		EnterpriseLibraryConfigurationToolBinariesPath = packages\Unity.2.1.505.0\lib\NET35
	EndGlobalSection
EndGlobal
