
Microsoft Visual Studio Solution File, Format Version 12.00
# Visual Studio 2013
VisualStudioVersion = 12.0.30723.0
MinimumVisualStudioVersion = 10.0.40219.1
Project("{2150E333-8FDC-42A3-9474-1A3956D46DE8}") = "7.Communications", "7.Communications", "{606185DC-4C46-4B08-83A5-E02DD37D02AE}"
EndProject
Project("{2150E333-8FDC-42A3-9474-1A3956D46DE8}") = "2.DomainModel", "2.DomainModel", "{2285F44E-EEC0-4658-A259-960E8EA08DCE}"
EndProject
Project("{FAE04EC0-301F-11D3-BF4B-00C04F79EFBC}") = "2ndFloor.RepositoryEF", "2ndFloor.RepositoryEF\2ndFloor.RepositoryEF.csproj", "{578A5600-6C58-45C1-AD43-EF1DEB62DAAF}"
EndProject
Project("{FAE04EC0-301F-11D3-BF4B-00C04F79EFBC}") = "2ndFloor.RepositoryEF.UnitTest", "2ndFloor.RepositoryEF.UnitTest\2ndFloor.RepositoryEF.UnitTest.csproj", "{6C88D2C5-67FB-4B5A-82D5-DBF3EA43971C}"
EndProject
Project("{FAE04EC0-301F-11D3-BF4B-00C04F79EFBC}") = "2ndFloor.RepositoryEF.IntegratedTest", "2ndFloor.RepositoryEF.IntegratedTest\2ndFloor.RepositoryEF.IntegratedTest.csproj", "{6E863723-9C3A-40A0-A401-FE964B6ED80F}"
EndProject
Project("{FAE04EC0-301F-11D3-BF4B-00C04F79EFBC}") = "2ndFloor.Model", "2ndFloor.Model\2ndFloor.Model.csproj", "{BE9A87D0-CF32-4E03-B989-B78D257D69BD}"
EndProject
Project("{FAE04EC0-301F-11D3-BF4B-00C04F79EFBC}") = "2ndFloor.Infrastructure", "2ndFloor.Infrastructure\2ndFloor.Infrastructure.csproj", "{60BCE180-8417-40BA-BDDF-C1CCA13DC6A7}"
EndProject
Project("{FAE04EC0-301F-11D3-BF4B-00C04F79EFBC}") = "2ndFloor.DataContracts", "2ndFloor.DataContracts\2ndFloor.DataContracts.csproj", "{D3C0526E-5C86-4A8E-9A04-0549150CDB6F}"
EndProject
Project("{FAE04EC0-301F-11D3-BF4B-00C04F79EFBC}") = "2ndFloor.ServiceContracts", "2ndFloor.ServiceContracts\2ndFloor.ServiceContracts.csproj", "{42190716-1011-416D-BFCE-A04896774F6E}"
EndProject
Project("{FAE04EC0-301F-11D3-BF4B-00C04F79EFBC}") = "2ndFloor.WebApi", "2ndFloor.WebApi\2ndFloor.WebApi.csproj", "{649056B8-7ADF-4828-BB54-87474A596BDA}"
EndProject
Project("{FAE04EC0-301F-11D3-BF4B-00C04F79EFBC}") = "2ndFloor.Wcf", "2ndFloor.Wcf\2ndFloor.Wcf.csproj", "{47884A83-605C-40C8-9CEA-1A54CE875C16}"
EndProject
Project("{FAE04EC0-301F-11D3-BF4B-00C04F79EFBC}") = "2ndFloor.Service", "2ndFloor.Service\2ndFloor.Service.csproj", "{D01CC2EA-E5B2-4EB0-9066-2F6B5BC98C77}"
EndProject
Project("{FAE04EC0-301F-11D3-BF4B-00C04F79EFBC}") = "2ndFloor.Service.UnitTest", "2ndFloor.Service.UnitTest\2ndFloor.Service.UnitTest.csproj", "{9F8F562A-C245-464F-AC8B-C21E9DE4CFFF}"
EndProject
Project("{FAE04EC0-301F-11D3-BF4B-00C04F79EFBC}") = "2ndFloor.Service.IntegratedTest", "2ndFloor.Service.IntegratedTest\2ndFloor.Service.IntegratedTest.csproj", "{F3A432D1-FD60-4C20-AEFF-943D9B339106}"
EndProject
Project("{2150E333-8FDC-42A3-9474-1A3956D46DE8}") = "4.Repository", "4.Repository", "{D1EC691C-E821-4F14-915E-5946EDC5C6D9}"
EndProject
Project("{2150E333-8FDC-42A3-9474-1A3956D46DE8}") = "1.Infrastructure", "1.Infrastructure", "{FE677FC7-BA46-4D4F-B8AA-B8CA89A6CC16}"
EndProject
Project("{2150E333-8FDC-42A3-9474-1A3956D46DE8}") = "3.Services", "3.Services", "{DE57E78B-DAF7-4C0D-A62E-38C3A22E52F1}"
EndProject
Global
	GlobalSection(SolutionConfigurationPlatforms) = preSolution
		Debug|Any CPU = Debug|Any CPU
		Debug|ARM = Debug|ARM
		Debug|x64 = Debug|x64
		Debug|x86 = Debug|x86
		Release|Any CPU = Release|Any CPU
		Release|ARM = Release|ARM
		Release|x64 = Release|x64
		Release|x86 = Release|x86
	EndGlobalSection
	GlobalSection(ProjectConfigurationPlatforms) = postSolution
		{578A5600-6C58-45C1-AD43-EF1DEB62DAAF}.Debug|Any CPU.ActiveCfg = Debug|Any CPU
		{578A5600-6C58-45C1-AD43-EF1DEB62DAAF}.Debug|Any CPU.Build.0 = Debug|Any CPU
		{578A5600-6C58-45C1-AD43-EF1DEB62DAAF}.Debug|ARM.ActiveCfg = Debug|Any CPU
		{578A5600-6C58-45C1-AD43-EF1DEB62DAAF}.Debug|x64.ActiveCfg = Debug|Any CPU
		{578A5600-6C58-45C1-AD43-EF1DEB62DAAF}.Debug|x86.ActiveCfg = Debug|Any CPU
		{578A5600-6C58-45C1-AD43-EF1DEB62DAAF}.Release|Any CPU.ActiveCfg = Release|Any CPU
		{578A5600-6C58-45C1-AD43-EF1DEB62DAAF}.Release|Any CPU.Build.0 = Release|Any CPU
		{578A5600-6C58-45C1-AD43-EF1DEB62DAAF}.Release|ARM.ActiveCfg = Release|Any CPU
		{578A5600-6C58-45C1-AD43-EF1DEB62DAAF}.Release|x64.ActiveCfg = Release|Any CPU
		{578A5600-6C58-45C1-AD43-EF1DEB62DAAF}.Release|x86.ActiveCfg = Release|Any CPU
		{6C88D2C5-67FB-4B5A-82D5-DBF3EA43971C}.Debug|Any CPU.ActiveCfg = Debug|Any CPU
		{6C88D2C5-67FB-4B5A-82D5-DBF3EA43971C}.Debug|Any CPU.Build.0 = Debug|Any CPU
		{6C88D2C5-67FB-4B5A-82D5-DBF3EA43971C}.Debug|ARM.ActiveCfg = Debug|Any CPU
		{6C88D2C5-67FB-4B5A-82D5-DBF3EA43971C}.Debug|x64.ActiveCfg = Debug|Any CPU
		{6C88D2C5-67FB-4B5A-82D5-DBF3EA43971C}.Debug|x86.ActiveCfg = Debug|Any CPU
		{6C88D2C5-67FB-4B5A-82D5-DBF3EA43971C}.Release|Any CPU.ActiveCfg = Release|Any CPU
		{6C88D2C5-67FB-4B5A-82D5-DBF3EA43971C}.Release|Any CPU.Build.0 = Release|Any CPU
		{6C88D2C5-67FB-4B5A-82D5-DBF3EA43971C}.Release|ARM.ActiveCfg = Release|Any CPU
		{6C88D2C5-67FB-4B5A-82D5-DBF3EA43971C}.Release|x64.ActiveCfg = Release|Any CPU
		{6C88D2C5-67FB-4B5A-82D5-DBF3EA43971C}.Release|x86.ActiveCfg = Release|Any CPU
		{6E863723-9C3A-40A0-A401-FE964B6ED80F}.Debug|Any CPU.ActiveCfg = Debug|Any CPU
		{6E863723-9C3A-40A0-A401-FE964B6ED80F}.Debug|Any CPU.Build.0 = Debug|Any CPU
		{6E863723-9C3A-40A0-A401-FE964B6ED80F}.Debug|ARM.ActiveCfg = Debug|Any CPU
		{6E863723-9C3A-40A0-A401-FE964B6ED80F}.Debug|x64.ActiveCfg = Debug|Any CPU
		{6E863723-9C3A-40A0-A401-FE964B6ED80F}.Debug|x86.ActiveCfg = Debug|Any CPU
		{6E863723-9C3A-40A0-A401-FE964B6ED80F}.Release|Any CPU.ActiveCfg = Release|Any CPU
		{6E863723-9C3A-40A0-A401-FE964B6ED80F}.Release|Any CPU.Build.0 = Release|Any CPU
		{6E863723-9C3A-40A0-A401-FE964B6ED80F}.Release|ARM.ActiveCfg = Release|Any CPU
		{6E863723-9C3A-40A0-A401-FE964B6ED80F}.Release|x64.ActiveCfg = Release|Any CPU
		{6E863723-9C3A-40A0-A401-FE964B6ED80F}.Release|x86.ActiveCfg = Release|Any CPU
		{BE9A87D0-CF32-4E03-B989-B78D257D69BD}.Debug|Any CPU.ActiveCfg = Debug|Any CPU
		{BE9A87D0-CF32-4E03-B989-B78D257D69BD}.Debug|Any CPU.Build.0 = Debug|Any CPU
		{BE9A87D0-CF32-4E03-B989-B78D257D69BD}.Debug|ARM.ActiveCfg = Debug|Any CPU
		{BE9A87D0-CF32-4E03-B989-B78D257D69BD}.Debug|x64.ActiveCfg = Debug|Any CPU
		{BE9A87D0-CF32-4E03-B989-B78D257D69BD}.Debug|x86.ActiveCfg = Debug|Any CPU
		{BE9A87D0-CF32-4E03-B989-B78D257D69BD}.Release|Any CPU.ActiveCfg = Release|Any CPU
		{BE9A87D0-CF32-4E03-B989-B78D257D69BD}.Release|Any CPU.Build.0 = Release|Any CPU
		{BE9A87D0-CF32-4E03-B989-B78D257D69BD}.Release|ARM.ActiveCfg = Release|Any CPU
		{BE9A87D0-CF32-4E03-B989-B78D257D69BD}.Release|x64.ActiveCfg = Release|Any CPU
		{BE9A87D0-CF32-4E03-B989-B78D257D69BD}.Release|x86.ActiveCfg = Release|Any CPU
		{60BCE180-8417-40BA-BDDF-C1CCA13DC6A7}.Debug|Any CPU.ActiveCfg = Debug|Any CPU
		{60BCE180-8417-40BA-BDDF-C1CCA13DC6A7}.Debug|Any CPU.Build.0 = Debug|Any CPU
		{60BCE180-8417-40BA-BDDF-C1CCA13DC6A7}.Debug|ARM.ActiveCfg = Debug|Any CPU
		{60BCE180-8417-40BA-BDDF-C1CCA13DC6A7}.Debug|x64.ActiveCfg = Debug|Any CPU
		{60BCE180-8417-40BA-BDDF-C1CCA13DC6A7}.Debug|x86.ActiveCfg = Debug|Any CPU
		{60BCE180-8417-40BA-BDDF-C1CCA13DC6A7}.Release|Any CPU.ActiveCfg = Release|Any CPU
		{60BCE180-8417-40BA-BDDF-C1CCA13DC6A7}.Release|Any CPU.Build.0 = Release|Any CPU
		{60BCE180-8417-40BA-BDDF-C1CCA13DC6A7}.Release|ARM.ActiveCfg = Release|Any CPU
		{60BCE180-8417-40BA-BDDF-C1CCA13DC6A7}.Release|x64.ActiveCfg = Release|Any CPU
		{60BCE180-8417-40BA-BDDF-C1CCA13DC6A7}.Release|x86.ActiveCfg = Release|Any CPU
		{D3C0526E-5C86-4A8E-9A04-0549150CDB6F}.Debug|Any CPU.ActiveCfg = Debug|Any CPU
		{D3C0526E-5C86-4A8E-9A04-0549150CDB6F}.Debug|Any CPU.Build.0 = Debug|Any CPU
		{D3C0526E-5C86-4A8E-9A04-0549150CDB6F}.Debug|ARM.ActiveCfg = Debug|Any CPU
		{D3C0526E-5C86-4A8E-9A04-0549150CDB6F}.Debug|x64.ActiveCfg = Debug|Any CPU
		{D3C0526E-5C86-4A8E-9A04-0549150CDB6F}.Debug|x86.ActiveCfg = Debug|Any CPU
		{D3C0526E-5C86-4A8E-9A04-0549150CDB6F}.Release|Any CPU.ActiveCfg = Release|Any CPU
		{D3C0526E-5C86-4A8E-9A04-0549150CDB6F}.Release|Any CPU.Build.0 = Release|Any CPU
		{D3C0526E-5C86-4A8E-9A04-0549150CDB6F}.Release|ARM.ActiveCfg = Release|Any CPU
		{D3C0526E-5C86-4A8E-9A04-0549150CDB6F}.Release|x64.ActiveCfg = Release|Any CPU
		{D3C0526E-5C86-4A8E-9A04-0549150CDB6F}.Release|x86.ActiveCfg = Release|Any CPU
		{42190716-1011-416D-BFCE-A04896774F6E}.Debug|Any CPU.ActiveCfg = Debug|Any CPU
		{42190716-1011-416D-BFCE-A04896774F6E}.Debug|Any CPU.Build.0 = Debug|Any CPU
		{42190716-1011-416D-BFCE-A04896774F6E}.Debug|ARM.ActiveCfg = Debug|Any CPU
		{42190716-1011-416D-BFCE-A04896774F6E}.Debug|x64.ActiveCfg = Debug|Any CPU
		{42190716-1011-416D-BFCE-A04896774F6E}.Debug|x86.ActiveCfg = Debug|Any CPU
		{42190716-1011-416D-BFCE-A04896774F6E}.Release|Any CPU.ActiveCfg = Release|Any CPU
		{42190716-1011-416D-BFCE-A04896774F6E}.Release|Any CPU.Build.0 = Release|Any CPU
		{42190716-1011-416D-BFCE-A04896774F6E}.Release|ARM.ActiveCfg = Release|Any CPU
		{42190716-1011-416D-BFCE-A04896774F6E}.Release|x64.ActiveCfg = Release|Any CPU
		{42190716-1011-416D-BFCE-A04896774F6E}.Release|x86.ActiveCfg = Release|Any CPU
		{649056B8-7ADF-4828-BB54-87474A596BDA}.Debug|Any CPU.ActiveCfg = Debug|Any CPU
		{649056B8-7ADF-4828-BB54-87474A596BDA}.Debug|Any CPU.Build.0 = Debug|Any CPU
		{649056B8-7ADF-4828-BB54-87474A596BDA}.Debug|ARM.ActiveCfg = Debug|Any CPU
		{649056B8-7ADF-4828-BB54-87474A596BDA}.Debug|x64.ActiveCfg = Debug|Any CPU
		{649056B8-7ADF-4828-BB54-87474A596BDA}.Debug|x86.ActiveCfg = Debug|Any CPU
		{649056B8-7ADF-4828-BB54-87474A596BDA}.Release|Any CPU.ActiveCfg = Release|Any CPU
		{649056B8-7ADF-4828-BB54-87474A596BDA}.Release|Any CPU.Build.0 = Release|Any CPU
		{649056B8-7ADF-4828-BB54-87474A596BDA}.Release|ARM.ActiveCfg = Release|Any CPU
		{649056B8-7ADF-4828-BB54-87474A596BDA}.Release|x64.ActiveCfg = Release|Any CPU
		{649056B8-7ADF-4828-BB54-87474A596BDA}.Release|x86.ActiveCfg = Release|Any CPU
		{47884A83-605C-40C8-9CEA-1A54CE875C16}.Debug|Any CPU.ActiveCfg = Debug|Any CPU
		{47884A83-605C-40C8-9CEA-1A54CE875C16}.Debug|Any CPU.Build.0 = Debug|Any CPU
		{47884A83-605C-40C8-9CEA-1A54CE875C16}.Debug|ARM.ActiveCfg = Debug|Any CPU
		{47884A83-605C-40C8-9CEA-1A54CE875C16}.Debug|x64.ActiveCfg = Debug|Any CPU
		{47884A83-605C-40C8-9CEA-1A54CE875C16}.Debug|x86.ActiveCfg = Debug|Any CPU
		{47884A83-605C-40C8-9CEA-1A54CE875C16}.Release|Any CPU.ActiveCfg = Release|Any CPU
		{47884A83-605C-40C8-9CEA-1A54CE875C16}.Release|Any CPU.Build.0 = Release|Any CPU
		{47884A83-605C-40C8-9CEA-1A54CE875C16}.Release|ARM.ActiveCfg = Release|Any CPU
		{47884A83-605C-40C8-9CEA-1A54CE875C16}.Release|x64.ActiveCfg = Release|Any CPU
		{47884A83-605C-40C8-9CEA-1A54CE875C16}.Release|x86.ActiveCfg = Release|Any CPU
		{D01CC2EA-E5B2-4EB0-9066-2F6B5BC98C77}.Debug|Any CPU.ActiveCfg = Debug|Any CPU
		{D01CC2EA-E5B2-4EB0-9066-2F6B5BC98C77}.Debug|Any CPU.Build.0 = Debug|Any CPU
		{D01CC2EA-E5B2-4EB0-9066-2F6B5BC98C77}.Debug|ARM.ActiveCfg = Debug|Any CPU
		{D01CC2EA-E5B2-4EB0-9066-2F6B5BC98C77}.Debug|x64.ActiveCfg = Debug|Any CPU
		{D01CC2EA-E5B2-4EB0-9066-2F6B5BC98C77}.Debug|x86.ActiveCfg = Debug|Any CPU
		{D01CC2EA-E5B2-4EB0-9066-2F6B5BC98C77}.Release|Any CPU.ActiveCfg = Release|Any CPU
		{D01CC2EA-E5B2-4EB0-9066-2F6B5BC98C77}.Release|Any CPU.Build.0 = Release|Any CPU
		{D01CC2EA-E5B2-4EB0-9066-2F6B5BC98C77}.Release|ARM.ActiveCfg = Release|Any CPU
		{D01CC2EA-E5B2-4EB0-9066-2F6B5BC98C77}.Release|x64.ActiveCfg = Release|Any CPU
		{D01CC2EA-E5B2-4EB0-9066-2F6B5BC98C77}.Release|x86.ActiveCfg = Release|Any CPU
		{9F8F562A-C245-464F-AC8B-C21E9DE4CFFF}.Debug|Any CPU.ActiveCfg = Debug|Any CPU
		{9F8F562A-C245-464F-AC8B-C21E9DE4CFFF}.Debug|Any CPU.Build.0 = Debug|Any CPU
		{9F8F562A-C245-464F-AC8B-C21E9DE4CFFF}.Debug|ARM.ActiveCfg = Debug|Any CPU
		{9F8F562A-C245-464F-AC8B-C21E9DE4CFFF}.Debug|x64.ActiveCfg = Debug|Any CPU
		{9F8F562A-C245-464F-AC8B-C21E9DE4CFFF}.Debug|x86.ActiveCfg = Debug|Any CPU
		{9F8F562A-C245-464F-AC8B-C21E9DE4CFFF}.Release|Any CPU.ActiveCfg = Release|Any CPU
		{9F8F562A-C245-464F-AC8B-C21E9DE4CFFF}.Release|Any CPU.Build.0 = Release|Any CPU
		{9F8F562A-C245-464F-AC8B-C21E9DE4CFFF}.Release|ARM.ActiveCfg = Release|Any CPU
		{9F8F562A-C245-464F-AC8B-C21E9DE4CFFF}.Release|x64.ActiveCfg = Release|Any CPU
		{9F8F562A-C245-464F-AC8B-C21E9DE4CFFF}.Release|x86.ActiveCfg = Release|Any CPU
		{F3A432D1-FD60-4C20-AEFF-943D9B339106}.Debug|Any CPU.ActiveCfg = Debug|Any CPU
		{F3A432D1-FD60-4C20-AEFF-943D9B339106}.Debug|Any CPU.Build.0 = Debug|Any CPU
		{F3A432D1-FD60-4C20-AEFF-943D9B339106}.Debug|ARM.ActiveCfg = Debug|Any CPU
		{F3A432D1-FD60-4C20-AEFF-943D9B339106}.Debug|x64.ActiveCfg = Debug|Any CPU
		{F3A432D1-FD60-4C20-AEFF-943D9B339106}.Debug|x86.ActiveCfg = Debug|Any CPU
		{F3A432D1-FD60-4C20-AEFF-943D9B339106}.Release|Any CPU.ActiveCfg = Release|Any CPU
		{F3A432D1-FD60-4C20-AEFF-943D9B339106}.Release|Any CPU.Build.0 = Release|Any CPU
		{F3A432D1-FD60-4C20-AEFF-943D9B339106}.Release|ARM.ActiveCfg = Release|Any CPU
		{F3A432D1-FD60-4C20-AEFF-943D9B339106}.Release|x64.ActiveCfg = Release|Any CPU
		{F3A432D1-FD60-4C20-AEFF-943D9B339106}.Release|x86.ActiveCfg = Release|Any CPU
	EndGlobalSection
	GlobalSection(SolutionProperties) = preSolution
		HideSolutionNode = FALSE
	EndGlobalSection
	GlobalSection(NestedProjects) = preSolution
		{578A5600-6C58-45C1-AD43-EF1DEB62DAAF} = {D1EC691C-E821-4F14-915E-5946EDC5C6D9}
		{6C88D2C5-67FB-4B5A-82D5-DBF3EA43971C} = {D1EC691C-E821-4F14-915E-5946EDC5C6D9}
		{6E863723-9C3A-40A0-A401-FE964B6ED80F} = {D1EC691C-E821-4F14-915E-5946EDC5C6D9}
		{BE9A87D0-CF32-4E03-B989-B78D257D69BD} = {2285F44E-EEC0-4658-A259-960E8EA08DCE}
		{60BCE180-8417-40BA-BDDF-C1CCA13DC6A7} = {FE677FC7-BA46-4D4F-B8AA-B8CA89A6CC16}
		{D3C0526E-5C86-4A8E-9A04-0549150CDB6F} = {FE677FC7-BA46-4D4F-B8AA-B8CA89A6CC16}
		{42190716-1011-416D-BFCE-A04896774F6E} = {FE677FC7-BA46-4D4F-B8AA-B8CA89A6CC16}
		{649056B8-7ADF-4828-BB54-87474A596BDA} = {606185DC-4C46-4B08-83A5-E02DD37D02AE}
		{47884A83-605C-40C8-9CEA-1A54CE875C16} = {606185DC-4C46-4B08-83A5-E02DD37D02AE}
		{D01CC2EA-E5B2-4EB0-9066-2F6B5BC98C77} = {DE57E78B-DAF7-4C0D-A62E-38C3A22E52F1}
		{9F8F562A-C245-464F-AC8B-C21E9DE4CFFF} = {DE57E78B-DAF7-4C0D-A62E-38C3A22E52F1}
		{F3A432D1-FD60-4C20-AEFF-943D9B339106} = {DE57E78B-DAF7-4C0D-A62E-38C3A22E52F1}
	EndGlobalSection
EndGlobal
